{
  "name": "onewallet-util-task-queue",
  "version": "0.0.1",
  "lockfileVersion": 1,
  "requires": true,
  "dependencies": {
    "@types/node": {
      "version": "10.9.4",
      "resolved": "https://registry.npmjs.org/@types/node/-/node-10.9.4.tgz",
      "integrity": "sha512-fCHV45gS+m3hH17zgkgADUSi2RR1Vht6wOZ0jyHP8rjiQra9f+mIcgwPQHllmDocYOstIEbKlxbFDYlgrTPYqw==",
      "dev": true
    },
    "@types/p-queue": {
      "version": "2.3.1",
      "resolved": "https://registry.npmjs.org/@types/p-queue/-/p-queue-2.3.1.tgz",
      "integrity": "sha512-JyO7uMAtkcMMULmsTQ4t/lCC8nxirTtweGG1xAFNNIAoC1RemmeIxq8PiKghuEy99XdbS6Lwx4zpbXUjfeSSAA==",
      "dev": true
    },
    "debug": {
      "version": "3.2.4",
      "resolved": "https://registry.npmjs.org/debug/-/debug-3.2.4.tgz",
      "integrity": "sha512-fCEG5fOr7m/fhgOD3KurdAov706JbXZJYXAsAOEJ7GgasGr0GO4N+1NsIcrjlIUcyvJ9oZlnelTzN3Ix8z1ecw==",
      "requires": {
        "ms": "2.1.1"
      }
    },
    "highoutput-utilities": {
      "version": "0.0.6",
      "resolved": "https://registry.npmjs.org/highoutput-utilities/-/highoutput-utilities-0.0.6.tgz",
      "integrity": "sha512-TAoLpRJ9r1IVlPensdH3e11Ull4SAwI8AyVRFo9mu2/L+vskzViLVdaxRp+p0NtuiKUuuMNTz1jOLeJnVL6+0w==",
      "requires": {
        "debug": "3.2.4",
        "limiter": "1.1.3",
        "ms": "2.1.1",
        "random-int": "1.0.0"
      }
    },
    "limiter": {
      "version": "1.1.3",
      "resolved": "https://registry.npmjs.org/limiter/-/limiter-1.1.3.tgz",
      "integrity": "sha512-zrycnIMsLw/3ZxTbW7HCez56rcFGecWTx5OZNplzcXUUmJLmoYArC6qdJzmAN5BWiNXGcpjhF9RQ1HSv5zebEw=="
    },
    "ms": {
      "version": "2.1.1",
      "resolved": "https://registry.npmjs.org/ms/-/ms-2.1.1.tgz",
      "integrity": "sha512-tgp+dl5cGk28utYktBsrFqA7HKgrhgPsg6Z/EfhWI4gl1Hwq8B/GmY/0oXZ6nF8hDVesS/FpnYaD/kOWhYQvyg=="
    },
    "p-queue": {
      "version": "3.0.0",
      "resolved": "https://registry.npmjs.org/p-queue/-/p-queue-3.0.0.tgz",
      "integrity": "sha512-2tv/MRmPXfmfnjLLJAHl+DdU8p2DhZafAnlpm/C/T5BpF5L9wKz5tMin4A4N2zVpJL2YMhPlRmtO7s5EtNrjfA=="
    },
    "random-int": {
      "version": "1.0.0",
      "resolved": "https://registry.npmjs.org/random-int/-/random-int-1.0.0.tgz",
      "integrity": "sha1-5qLtNEisnGZGoGV0Q7HBUhWS7Qg="
    },
    "typescript": {
      "version": "3.0.3",
      "resolved": "https://registry.npmjs.org/typescript/-/typescript-3.0.3.tgz",
      "integrity": "sha512-kk80vLW9iGtjMnIv11qyxLqZm20UklzuR2tL0QAnDIygIUIemcZMxlMWudl9OOt76H3ntVzcTiddQ1/pAAJMYg==",
      "dev": true
    }
  }
}
